
Microsoft Visual Studio Solution File, Format Version 12.00
# Visual Studio Version 17
VisualStudioVersion = 17.8.34408.163
MinimumVisualStudioVersion = 10.0.40219.1
Project("{FAE04EC0-301F-11D3-BF4B-00C04F79EFBC}") = "ExpenseTrackerCS6", "ExpenseTrackerCS6\ExpenseTrackerCS6.csproj", "{D250CB68-708D-4135-BAFD-145B8206610E}"
EndProject
Global
	GlobalSection(SolutionConfigurationPlatforms) = preSolution
		Debug|Any CPU = Debug|Any CPU
		Release|Any CPU = Release|Any CPU
	EndGlobalSection
	GlobalSection(ProjectConfigurationPlatforms) = postSolution
		{D250CB68-708D-4135-BAFD-145B8206610E}.Debug|Any CPU.ActiveCfg = Debug|Any CPU
		{D250CB68-708D-4135-BAFD-145B8206610E}.Debug|Any CPU.Build.0 = Debug|Any CPU
		{D250CB68-708D-4135-BAFD-145B8206610E}.Release|Any CPU.ActiveCfg = Release|Any CPU
		{D250CB68-708D-4135-BAFD-145B8206610E}.Release|Any CPU.Build.0 = Release|Any CPU
	EndGlobalSection
	GlobalSection(SolutionProperties) = preSolution
		HideSolutionNode = FALSE
	EndGlobalSection
	GlobalSection(ExtensibilityGlobals) = postSolution
		SolutionGuid = {0C8A2E9B-4F29-4BE6-AFAD-C2536CDB4C78}
	EndGlobalSection
EndGlobal
